
Microsoft Visual Studio Solution File, Format Version 12.00
Project("{FAE04EC0-301F-11D3-BF4B-00C04F79EFBC}") = "TestApp", "TestApp\TestApp.csproj", "{5AA662E6-5E53-4822-8060-DAE2CAB226F4}"
EndProject
Project("{FAE04EC0-301F-11D3-BF4B-00C04F79EFBC}") = "ProtosAndExtensions", "ProtosAndExtensions\ProtosAndExtensions.csproj", "{8284595E-F3DF-4550-B1F8-082AF57CBB72}"
EndProject
Global
	GlobalSection(SolutionConfigurationPlatforms) = preSolution
		Debug|Any CPU = Debug|Any CPU
		Release|Any CPU = Release|Any CPU
	EndGlobalSection
	GlobalSection(ProjectConfigurationPlatforms) = postSolution
		{5AA662E6-5E53-4822-8060-DAE2CAB226F4}.Debug|Any CPU.ActiveCfg = Debug|Any CPU
		{5AA662E6-5E53-4822-8060-DAE2CAB226F4}.Debug|Any CPU.Build.0 = Debug|Any CPU
		{5AA662E6-5E53-4822-8060-DAE2CAB226F4}.Release|Any CPU.ActiveCfg = Release|Any CPU
		{5AA662E6-5E53-4822-8060-DAE2CAB226F4}.Release|Any CPU.Build.0 = Release|Any CPU
		{8284595E-F3DF-4550-B1F8-082AF57CBB72}.Debug|Any CPU.ActiveCfg = Debug|Any CPU
		{8284595E-F3DF-4550-B1F8-082AF57CBB72}.Debug|Any CPU.Build.0 = Debug|Any CPU
		{8284595E-F3DF-4550-B1F8-082AF57CBB72}.Release|Any CPU.ActiveCfg = Release|Any CPU
		{8284595E-F3DF-4550-B1F8-082AF57CBB72}.Release|Any CPU.Build.0 = Release|Any CPU
	EndGlobalSection
EndGlobal
